Microsoft Visual Studio Solution File, Format Version 11.00
# Visual Studio 2008

Project("{98984F20-C696-0B55-8D44-02E22CA1B150}") = "FirstProjectBackup", "Assembly-CSharp-firstpass.csproj", "{0ADABACA-F5C0-EEFD-7CDF-F835E2F5A94E}"
EndProject
Project("{98984F20-C696-0B55-8D44-02E22CA1B150}") = "FirstProjectBackup", "Assembly-CSharp.csproj", "{07E87903-A5F1-82CF-A1B8-C4326F242C91}"
EndProject
Project("{98984F20-C696-0B55-8D44-02E22CA1B150}") = "FirstProjectBackup", "Assembly-CSharp-Editor.csproj", "{2864D72C-DBDF-D5C1-2D20-3434180BAD40}"
EndProject
Global
	GlobalSection(SolutionConfigurationPlatforms) = preSolution
		Debug|Any CPU = Debug|Any CPU
		Release|Any CPU = Release|Any CPU
	EndGlobalSection
	GlobalSection(ProjectConfigurationPlatforms) = postSolution
		{0ADABACA-F5C0-EEFD-7CDF-F835E2F5A94E}.Debug|Any CPU.ActiveCfg = Debug|Any CPU
		{0ADABACA-F5C0-EEFD-7CDF-F835E2F5A94E}.Debug|Any CPU.Build.0 = Debug|Any CPU
		{0ADABACA-F5C0-EEFD-7CDF-F835E2F5A94E}.Release|Any CPU.ActiveCfg = Release|Any CPU
		{0ADABACA-F5C0-EEFD-7CDF-F835E2F5A94E}.Release|Any CPU.Build.0 = Release|Any CPU
		{07E87903-A5F1-82CF-A1B8-C4326F242C91}.Debug|Any CPU.ActiveCfg = Debug|Any CPU
		{07E87903-A5F1-82CF-A1B8-C4326F242C91}.Debug|Any CPU.Build.0 = Debug|Any CPU
		{07E87903-A5F1-82CF-A1B8-C4326F242C91}.Release|Any CPU.ActiveCfg = Release|Any CPU
		{07E87903-A5F1-82CF-A1B8-C4326F242C91}.Release|Any CPU.Build.0 = Release|Any CPU
		{2864D72C-DBDF-D5C1-2D20-3434180BAD40}.Debug|Any CPU.ActiveCfg = Debug|Any CPU
		{2864D72C-DBDF-D5C1-2D20-3434180BAD40}.Debug|Any CPU.Build.0 = Debug|Any CPU
		{2864D72C-DBDF-D5C1-2D20-3434180BAD40}.Release|Any CPU.ActiveCfg = Release|Any CPU
		{2864D72C-DBDF-D5C1-2D20-3434180BAD40}.Release|Any CPU.Build.0 = Release|Any CPU
	EndGlobalSection
	GlobalSection(SolutionProperties) = preSolution
		HideSolutionNode = FALSE
	EndGlobalSection
																																											GlobalSection(MonoDevelopProperties) = preSolution
		StartupItem = Assembly-CSharp.csproj
		Policies = $0
		$0.TextStylePolicy = $1
		$1.inheritsSet = null
		$1.scope = text/x-csharp
		$0.CSharpFormattingPolicy = $2
		$2.inheritsSet = Mono
		$2.inheritsScope = text/x-csharp
		$2.scope = text/x-csharp
		$0.TextStylePolicy = $3
		$3.FileWidth = 120
		$3.TabWidth = 4
		$3.IndentWidth = 4
		$3.EolMarker = Unix
		$3.inheritsSet = Mono
		$3.inheritsScope = text/plain
		$3.scope = text/plain
	EndGlobalSection

EndGlobal
